
Microsoft Visual Studio Solution File, Format Version 12.00
# Visual Studio 2013
VisualStudioVersion = 12.0.40629.0
MinimumVisualStudioVersion = 10.0.40219.1
Project("{FAE04EC0-301F-11D3-BF4B-00C04F79EFBC}") = "AgeOfPerson", "AgeOfPerson\AgeOfPerson.csproj", "{ACC55194-FE0B-4923-AB53-92E472CB4BC2}"
EndProject
Project("{FAE04EC0-301F-11D3-BF4B-00C04F79EFBC}") = "GreatestValue", "GreatestValue\GreatestValue.csproj", "{3364DEBD-70EA-453D-889D-8AFDE5BC54DE}"
EndProject
Project("{FAE04EC0-301F-11D3-BF4B-00C04F79EFBC}") = "IncreamentDec", "IncreamentDec\IncreamentDec.csproj", "{0F43E371-7586-415F-98D3-C4609342F486}"
EndProject
Project("{FAE04EC0-301F-11D3-BF4B-00C04F79EFBC}") = "CeltoFar", "CeltoFar\CeltoFar.csproj", "{48EB3DA1-EA37-40EC-840E-FDBB8CDB2754}"
EndProject
Project("{FAE04EC0-301F-11D3-BF4B-00C04F79EFBC}") = "KeyPressed", "KeyPressed\KeyPressed.csproj", "{8D38368E-0D32-4F42-8D71-3B7D728C820D}"
EndProject
Project("{FAE04EC0-301F-11D3-BF4B-00C04F79EFBC}") = "Stars", "Stars\Stars.csproj", "{1901AD6F-D87E-4D5F-8CB5-11709255CBD8}"
EndProject
Project("{FAE04EC0-301F-11D3-BF4B-00C04F79EFBC}") = "Ordinals", "Ordinals\Ordinals.csproj", "{F65EA600-9FA4-48BE-802C-E1AAD35A41A6}"
EndProject
Project("{FAE04EC0-301F-11D3-BF4B-00C04F79EFBC}") = "FooBar", "FooBar\FooBar.csproj", "{BF4DA6E3-9D80-4477-B73F-B93C8ED75A7E}"
EndProject
Global
	GlobalSection(SolutionConfigurationPlatforms) = preSolution
		Debug|Any CPU = Debug|Any CPU
		Release|Any CPU = Release|Any CPU
	EndGlobalSection
	GlobalSection(ProjectConfigurationPlatforms) = postSolution
		{ACC55194-FE0B-4923-AB53-92E472CB4BC2}.Debug|Any CPU.ActiveCfg = Debug|Any CPU
		{ACC55194-FE0B-4923-AB53-92E472CB4BC2}.Debug|Any CPU.Build.0 = Debug|Any CPU
		{ACC55194-FE0B-4923-AB53-92E472CB4BC2}.Release|Any CPU.ActiveCfg = Release|Any CPU
		{ACC55194-FE0B-4923-AB53-92E472CB4BC2}.Release|Any CPU.Build.0 = Release|Any CPU
		{3364DEBD-70EA-453D-889D-8AFDE5BC54DE}.Debug|Any CPU.ActiveCfg = Debug|Any CPU
		{3364DEBD-70EA-453D-889D-8AFDE5BC54DE}.Debug|Any CPU.Build.0 = Debug|Any CPU
		{3364DEBD-70EA-453D-889D-8AFDE5BC54DE}.Release|Any CPU.ActiveCfg = Release|Any CPU
		{3364DEBD-70EA-453D-889D-8AFDE5BC54DE}.Release|Any CPU.Build.0 = Release|Any CPU
		{0F43E371-7586-415F-98D3-C4609342F486}.Debug|Any CPU.ActiveCfg = Debug|Any CPU
		{0F43E371-7586-415F-98D3-C4609342F486}.Debug|Any CPU.Build.0 = Debug|Any CPU
		{0F43E371-7586-415F-98D3-C4609342F486}.Release|Any CPU.ActiveCfg = Release|Any CPU
		{0F43E371-7586-415F-98D3-C4609342F486}.Release|Any CPU.Build.0 = Release|Any CPU
		{48EB3DA1-EA37-40EC-840E-FDBB8CDB2754}.Debug|Any CPU.ActiveCfg = Debug|Any CPU
		{48EB3DA1-EA37-40EC-840E-FDBB8CDB2754}.Debug|Any CPU.Build.0 = Debug|Any CPU
		{48EB3DA1-EA37-40EC-840E-FDBB8CDB2754}.Release|Any CPU.ActiveCfg = Release|Any CPU
		{48EB3DA1-EA37-40EC-840E-FDBB8CDB2754}.Release|Any CPU.Build.0 = Release|Any CPU
		{8D38368E-0D32-4F42-8D71-3B7D728C820D}.Debug|Any CPU.ActiveCfg = Debug|Any CPU
		{8D38368E-0D32-4F42-8D71-3B7D728C820D}.Debug|Any CPU.Build.0 = Debug|Any CPU
		{8D38368E-0D32-4F42-8D71-3B7D728C820D}.Release|Any CPU.ActiveCfg = Release|Any CPU
		{8D38368E-0D32-4F42-8D71-3B7D728C820D}.Release|Any CPU.Build.0 = Release|Any CPU
		{1901AD6F-D87E-4D5F-8CB5-11709255CBD8}.Debug|Any CPU.ActiveCfg = Debug|Any CPU
		{1901AD6F-D87E-4D5F-8CB5-11709255CBD8}.Debug|Any CPU.Build.0 = Debug|Any CPU
		{1901AD6F-D87E-4D5F-8CB5-11709255CBD8}.Release|Any CPU.ActiveCfg = Release|Any CPU
		{1901AD6F-D87E-4D5F-8CB5-11709255CBD8}.Release|Any CPU.Build.0 = Release|Any CPU
		{F65EA600-9FA4-48BE-802C-E1AAD35A41A6}.Debug|Any CPU.ActiveCfg = Debug|Any CPU
		{F65EA600-9FA4-48BE-802C-E1AAD35A41A6}.Debug|Any CPU.Build.0 = Debug|Any CPU
		{F65EA600-9FA4-48BE-802C-E1AAD35A41A6}.Release|Any CPU.ActiveCfg = Release|Any CPU
		{F65EA600-9FA4-48BE-802C-E1AAD35A41A6}.Release|Any CPU.Build.0 = Release|Any CPU
		{BF4DA6E3-9D80-4477-B73F-B93C8ED75A7E}.Debug|Any CPU.ActiveCfg = Debug|Any CPU
		{BF4DA6E3-9D80-4477-B73F-B93C8ED75A7E}.Debug|Any CPU.Build.0 = Debug|Any CPU
		{BF4DA6E3-9D80-4477-B73F-B93C8ED75A7E}.Release|Any CPU.ActiveCfg = Release|Any CPU
		{BF4DA6E3-9D80-4477-B73F-B93C8ED75A7E}.Release|Any CPU.Build.0 = Release|Any CPU
	EndGlobalSection
	GlobalSection(SolutionProperties) = preSolution
		HideSolutionNode = FALSE
	EndGlobalSection
EndGlobal
